// !$*UTF8*$!
{
	archiveVersion = 1;
	classes = {
	};
	objectVersion = 46;
	objects = {

/* Begin PBXBuildFile section */
		8392007A18EE8E3300B6C429 /* GLKit.framework in Frameworks */ = {isa = PBXBuildFile; fileRef = 8392007918EE8E3300B6C429 /* GLKit.framework */; };
		B737893B180761570076A88C /* Published-iOS in Resources */ = {isa = PBXBuildFile; fileRef = B737893A180761570076A88C /* Published-iOS */; };
		B737893F1807617C0076A88C /* AppDelegate.m in Sources */ = {isa = PBXBuildFile; fileRef = B737893E1807617C0076A88C /* AppDelegate.m */; };
		B73789871807631A0076A88C /* main.m in Sources */ = {isa = PBXBuildFile; fileRef = B73789851807631A0076A88C /* main.m */; };
		B737898A1807642B0076A88C /* libcocos2d.a in Frameworks */ = {isa = PBXBuildFile; fileRef = B737894B180761A90076A88C /* libcocos2d.a */; };
		B7378994180767190076A88C /* MainScene.m in Sources */ = {isa = PBXBuildFile; fileRef = B7378993180767190076A88C /* MainScene.m */; };
		B77F1B3217B978D7009739AE /* QuartzCore.framework in Frameworks */ = {isa = PBXBuildFile; fileRef = B77F1B3117B978D7009739AE /* QuartzCore.framework */; };
		B77F1B3417B978D7009739AE /* OpenGLES.framework in Frameworks */ = {isa = PBXBuildFile; fileRef = B77F1B3317B978D7009739AE /* OpenGLES.framework */; };
		B77F1B3617B978D7009739AE /* OpenAL.framework in Frameworks */ = {isa = PBXBuildFile; fileRef = B77F1B3517B978D7009739AE /* OpenAL.framework */; };
		B77F1B3817B978D7009739AE /* AudioToolbox.framework in Frameworks */ = {isa = PBXBuildFile; fileRef = B77F1B3717B978D7009739AE /* AudioToolbox.framework */; };
		B77F1B3A17B978D7009739AE /* AVFoundation.framework in Frameworks */ = {isa = PBXBuildFile; fileRef = B77F1B3917B978D7009739AE /* AVFoundation.framework */; };
		B77F1B3C17B978D7009739AE /* UIKit.framework in Frameworks */ = {isa = PBXBuildFile; fileRef = B77F1B3B17B978D7009739AE /* UIKit.framework */; };
		B77F1B3E17B978D7009739AE /* Foundation.framework in Frameworks */ = {isa = PBXBuildFile; fileRef = B77F1B3D17B978D7009739AE /* Foundation.framework */; };
		B77F1B4017B978D7009739AE /* CoreGraphics.framework in Frameworks */ = {isa = PBXBuildFile; fileRef = B77F1B3F17B978D7009739AE /* CoreGraphics.framework */; };
		B77F1B4217B978D7009739AE /* CoreText.framework in Frameworks */ = {isa = PBXBuildFile; fileRef = B77F1B4117B978D7009739AE /* CoreText.framework */; };
		BA00D87C1986DBEE00D3F431 /* Asteroid.m in Sources */ = {isa = PBXBuildFile; fileRef = BA00D87B1986DBEE00D3F431 /* Asteroid.m */; };
		BA00D87F1986DBF900D3F431 /* Ship.m in Sources */ = {isa = PBXBuildFile; fileRef = BA00D87E1986DBF900D3F431 /* Ship.m */; };
		BA00D8821988298D00D3F431 /* Bullet.m in Sources */ = {isa = PBXBuildFile; fileRef = BA00D8811988298D00D3F431 /* Bullet.m */; };
		BA143A7919AD1D34002E3762 /* rocketBlubber.mp3 in Resources */ = {isa = PBXBuildFile; fileRef = BA143A7819AD1D34002E3762 /* rocketBlubber.mp3 */; };
		BA143A8219B0BAB4002E3762 /* bulletAsteroid6.mp3 in Resources */ = {isa = PBXBuildFile; fileRef = BA143A7C19B0BAB4002E3762 /* bulletAsteroid6.mp3 */; };
		BA143A8319B0BAB4002E3762 /* bulletAsteroid5.mp3 in Resources */ = {isa = PBXBuildFile; fileRef = BA143A7D19B0BAB4002E3762 /* bulletAsteroid5.mp3 */; };
		BA143A8419B0BAB4002E3762 /* bulletAsteroid4.mp3 in Resources */ = {isa = PBXBuildFile; fileRef = BA143A7E19B0BAB4002E3762 /* bulletAsteroid4.mp3 */; };
		BA143A8519B0BAB4002E3762 /* bulletAsteroid3.mp3 in Resources */ = {isa = PBXBuildFile; fileRef = BA143A7F19B0BAB4002E3762 /* bulletAsteroid3.mp3 */; };
		BA143A8619B0BAB4002E3762 /* bulletAsteroid2.mp3 in Resources */ = {isa = PBXBuildFile; fileRef = BA143A8019B0BAB4002E3762 /* bulletAsteroid2.mp3 */; };
		BA143A8719B0BAB4002E3762 /* bulletAsteroid1.mp3 in Resources */ = {isa = PBXBuildFile; fileRef = BA143A8119B0BAB4002E3762 /* bulletAsteroid1.mp3 */; };
		BA143A8919B2109F002E3762 /* shipAsteroid.mp3 in Resources */ = {isa = PBXBuildFile; fileRef = BA143A8819B2109F002E3762 /* shipAsteroid.mp3 */; };
		BA1FCE8119A3F2B500BCF9B4 /* Pew1.mp3 in Resources */ = {isa = PBXBuildFile; fileRef = BA1FCE8019A3F2B500BCF9B4 /* Pew1.mp3 */; };
		BA1FCECB19AAE6CB00BCF9B4 /* ping1.mp3 in Resources */ = {isa = PBXBuildFile; fileRef = BA1FCECA19AAE6CB00BCF9B4 /* ping1.mp3 */; };
		BA1FCECD19AAE90300BCF9B4 /* pew2.mp3 in Resources */ = {isa = PBXBuildFile; fileRef = BA1FCECC19AAE90300BCF9B4 /* pew2.mp3 */; };
		BA1FCED019AAEA5800BCF9B4 /* pew3.mp3 in Resources */ = {isa = PBXBuildFile; fileRef = BA1FCECE19AAEA5800BCF9B4 /* pew3.mp3 */; };
		BA1FCED119AAEA5800BCF9B4 /* pew4.mp3 in Resources */ = {isa = PBXBuildFile; fileRef = BA1FCECF19AAEA5800BCF9B4 /* pew4.mp3 */; };
		BA1FCED319AAEC0500BCF9B4 /* pew5.mp3 in Resources */ = {isa = PBXBuildFile; fileRef = BA1FCED219AAEC0500BCF9B4 /* pew5.mp3 */; };
		BA1FCED519AAECCD00BCF9B4 /* pew6.mp3 in Resources */ = {isa = PBXBuildFile; fileRef = BA1FCED419AAECCD00BCF9B4 /* pew6.mp3 */; };
		BA1FCED719AAEDC700BCF9B4 /* ping2.mp3 in Resources */ = {isa = PBXBuildFile; fileRef = BA1FCED619AAEDC700BCF9B4 /* ping2.mp3 */; };
		BA1FCEDD19AAEF6F00BCF9B4 /* bloophigh.mp3 in Resources */ = {isa = PBXBuildFile; fileRef = BA1FCEDA19AAEF6F00BCF9B4 /* bloophigh.mp3 */; };
		BA1FCEDE19AAEF6F00BCF9B4 /* blooplow.mp3 in Resources */ = {isa = PBXBuildFile; fileRef = BA1FCEDB19AAEF6F00BCF9B4 /* blooplow.mp3 */; };
		BA1FCEDF19AAEF6F00BCF9B4 /* bloopmed.mp3 in Resources */ = {isa = PBXBuildFile; fileRef = BA1FCEDC19AAEF6F00BCF9B4 /* bloopmed.mp3 */; };
		BA1FCEE119AAF1DC00BCF9B4 /* SoftRocketThrust.mp3 in Resources */ = {isa = PBXBuildFile; fileRef = BA1FCEE019AAF1DC00BCF9B4 /* SoftRocketThrust.mp3 */; };
		BA1FCEE319AAF82600BCF9B4 /* rocketThrust.mp3 in Resources */ = {isa = PBXBuildFile; fileRef = BA1FCEE219AAF82600BCF9B4 /* rocketThrust.mp3 */; };
		BA5FACDD19D104FE00C6D49A /* 180x180.png in Resources */ = {isa = PBXBuildFile; fileRef = BA5FACDC19D104FE00C6D49A /* 180x180.png */; };
		BA9D12BB19942211000C05D1 /* Bomb.m in Sources */ = {isa = PBXBuildFile; fileRef = BA9D12BA19942211000C05D1 /* Bomb.m */; };
		BAA245D319CD423C00340D6C /* 40x40.png in Resources */ = {isa = PBXBuildFile; fileRef = BAA245CD19CD423C00340D6C /* 40x40.png */; };
		BAA245D419CD423C00340D6C /* 29x29.png in Resources */ = {isa = PBXBuildFile; fileRef = BAA245CE19CD423C00340D6C /* 29x29.png */; };
		BAA245D519CD423C00340D6C /* 58x58.png in Resources */ = {isa = PBXBuildFile; fileRef = BAA245CF19CD423C00340D6C /* 58x58.png */; };
		BAA245D619CD423C00340D6C /* 80x80.png in Resources */ = {isa = PBXBuildFile; fileRef = BAA245D019CD423C00340D6C /* 80x80.png */; };
		BAA245D719CD423C00340D6C /* 60x60.png in Resources */ = {isa = PBXBuildFile; fileRef = BAA245D119CD423C00340D6C /* 60x60.png */; };
		BAA245D819CD423C00340D6C /* 120x120.png in Resources */ = {isa = PBXBuildFile; fileRef = BAA245D219CD423C00340D6C /* 120x120.png */; };
		BAA245DB19CD4AEC00340D6C /* 114x114.png in Resources */ = {isa = PBXBuildFile; fileRef = BAA245D919CD4AEC00340D6C /* 114x114.png */; };
		BAA245DC19CD4AEC00340D6C /* 57x57.png in Resources */ = {isa = PBXBuildFile; fileRef = BAA245DA19CD4AEC00340D6C /* 57x57.png */; };
		BAA245DE19CFE5F300340D6C /* iAd.framework in Frameworks */ = {isa = PBXBuildFile; fileRef = BAA245DD19CFE5F300340D6C /* iAd.framework */; };
		BAA28AA31997C409000A83D1 /* Settings.m in Sources */ = {isa = PBXBuildFile; fileRef = BAA28AA21997C409000A83D1 /* Settings.m */; };
		BAA28AA61997C64D000A83D1 /* Store.m in Sources */ = {isa = PBXBuildFile; fileRef = BAA28AA51997C64D000A83D1 /* Store.m */; };
		BAA28AA919986977000A83D1 /* Coin.m in Sources */ = {isa = PBXBuildFile; fileRef = BAA28AA819986977000A83D1 /* Coin.m */; };
		BAA28AAD19991BB1000A83D1 /* CoinLabel.m in Sources */ = {isa = PBXBuildFile; fileRef = BAA28AAC19991BB1000A83D1 /* CoinLabel.m */; };
		BAA5F14F19E249B300EFDFC7 /* 144x144.png in Resources */ = {isa = PBXBuildFile; fileRef = BAA5F14B19E249B300EFDFC7 /* 144x144.png */; };
		BAA5F15019E249B300EFDFC7 /* 72x72.png in Resources */ = {isa = PBXBuildFile; fileRef = BAA5F14C19E249B300EFDFC7 /* 72x72.png */; };
		BAA5F15119E249B300EFDFC7 /* 100x100.png in Resources */ = {isa = PBXBuildFile; fileRef = BAA5F14D19E249B300EFDFC7 /* 100x100.png */; };
		BAA5F15219E249B300EFDFC7 /* 50x50.png in Resources */ = {isa = PBXBuildFile; fileRef = BAA5F14E19E249B300EFDFC7 /* 50x50.png */; };
		BAA5F15A19E3644300EFDFC7 /* 152x152.png in Resources */ = {isa = PBXBuildFile; fileRef = BAA5F15819E3644300EFDFC7 /* 152x152.png */; };
		BAA5F15B19E3644300EFDFC7 /* 76x76.png in Resources */ = {isa = PBXBuildFile; fileRef = BAA5F15919E3644300EFDFC7 /* 76x76.png */; };
		BAAD3DD61995DB4D0064AF9A /* Shield.m in Sources */ = {isa = PBXBuildFile; fileRef = BAAD3DD51995DB4D0064AF9A /* Shield.m */; };
		BAAE87B8199D2924003C48FE /* Level1.m in Sources */ = {isa = PBXBuildFile; fileRef = BAAE87B7199D2924003C48FE /* Level1.m */; };
		BAAE87BB199D3368003C48FE /* Level2.m in Sources */ = {isa = PBXBuildFile; fileRef = BAAE87BA199D3368003C48FE /* Level2.m */; };
		BAAE87BE199D3370003C48FE /* Level3.m in Sources */ = {isa = PBXBuildFile; fileRef = BAAE87BD199D3370003C48FE /* Level3.m */; };
		BAAE87C1199D337B003C48FE /* Level4.m in Sources */ = {isa = PBXBuildFile; fileRef = BAAE87C0199D337B003C48FE /* Level4.m */; };
		BAAE87C4199D3384003C48FE /* Level5.m in Sources */ = {isa = PBXBuildFile; fileRef = BAAE87C3199D3384003C48FE /* Level5.m */; };
		BAAE87C7199FB4B8003C48FE /* Explosion.m in Sources */ = {isa = PBXBuildFile; fileRef = BAAE87C6199FB4B8003C48FE /* Explosion.m */; };
		BABC17AB1A06ECDD00B793AF /* GameKitHelper.m in Sources */ = {isa = PBXBuildFile; fileRef = BABC17AA1A06ECDD00B793AF /* GameKitHelper.m */; };
		BABD42D8198416E600C4A826 /* GameScene.m in Sources */ = {isa = PBXBuildFile; fileRef = BABD42D7198416E600C4A826 /* GameScene.m */; };
		BAE245C71991744B0030F38A /* LargeStars.png in Resources */ = {isa = PBXBuildFile; fileRef = BAE245C11991744B0030F38A /* LargeStars.png */; };
		BAE245C81991744B0030F38A /* LargeStars@2x.png in Resources */ = {isa = PBXBuildFile; fileRef = BAE245C21991744B0030F38A /* LargeStars@2x.png */; };
		BAE245C91991744B0030F38A /* MediumStars.png in Resources */ = {isa = PBXBuildFile; fileRef = BAE245C31991744B0030F38A /* MediumStars.png */; };
		BAE245CA1991744B0030F38A /* MediumStars@2x.png in Resources */ = {isa = PBXBuildFile; fileRef = BAE245C41991744B0030F38A /* MediumStars@2x.png */; };
		BAE245CB1991744B0030F38A /* SmallStars.png in Resources */ = {isa = PBXBuildFile; fileRef = BAE245C51991744B0030F38A /* SmallStars.png */; };
		BAE245CC1991744B0030F38A /* SmallStars@2x.png in Resources */ = {isa = PBXBuildFile; fileRef = BAE245C61991744B0030F38A /* SmallStars@2x.png */; };
		BAE245D71992AF4E0030F38A /* Stars.m in Sources */ = {isa = PBXBuildFile; fileRef = BAE245D61992AF4E0030F38A /* Stars.m */; };
		BAE6957C19BE509F00E7811F /* GameKit.framework in Frameworks */ = {isa = PBXBuildFile; fileRef = BAE6957B19BE509F00E7811F /* GameKit.framework */; };
		BAE6958419C7FE2900E7811F /* InAppPurchaseScene.m in Sources */ = {isa = PBXBuildFile; fileRef = BAE6958319C7FE2900E7811F /* InAppPurchaseScene.m */; };
		BAE6958B19C822E700E7811F /* Images.xcassets in Resources */ = {isa = PBXBuildFile; fileRef = BAE6958A19C822E700E7811F /* Images.xcassets */; };
		BAE6959119C94E8800E7811F /* StoreKit.framework in Frameworks */ = {isa = PBXBuildFile; fileRef = BAE6959019C94E8800E7811F /* StoreKit.framework */; };
/* End PBXBuildFile section */

/* Begin PBXContainerItemProxy section */
		B737894A180761A90076A88C /* PBXContainerItemProxy */ = {
			isa = PBXContainerItemProxy;
			containerPortal = B7378940180761A80076A88C /* cocos2d-ios.xcodeproj */;
			proxyType = 2;
			remoteGlobalIDString = 5018F24D0DFDEAC400C013A5;
			remoteInfo = cocos2d;
		};
		B7378988180764180076A88C /* PBXContainerItemProxy */ = {
			isa = PBXContainerItemProxy;
			containerPortal = B7378940180761A80076A88C /* cocos2d-ios.xcodeproj */;
			proxyType = 1;
			remoteGlobalIDString = 5018F24C0DFDEAC400C013A5;
			remoteInfo = cocos2d;
		};
/* End PBXContainerItemProxy section */

/* Begin PBXFileReference section */
		8392007918EE8E3300B6C429 /* GLKit.framework */ = {isa = PBXFileReference; lastKnownFileType = wrapper.framework; name = GLKit.framework; path = System/Library/Frameworks/GLKit.framework; sourceTree = SDKROOT; };
		B737893A180761570076A88C /* Published-iOS */ = {isa = PBXFileReference; lastKnownFileType = folder; name = "Published-iOS"; path = "Source/Resources/Published-iOS"; sourceTree = SOURCE_ROOT; };
		B737893D1807617C0076A88C /* AppDelegate.h */ = {isa = PBXFileReference; fileEncoding = 4; lastKnownFileType = sourcecode.c.h; name = AppDelegate.h; path = Source/AppDelegate.h; sourceTree = "<group>"; };
		B737893E1807617C0076A88C /* AppDelegate.m */ = {isa = PBXFileReference; fileEncoding = 4; lastKnownFileType = sourcecode.c.objc; name = AppDelegate.m; path = Source/AppDelegate.m; sourceTree = "<group>"; };
		B7378940180761A80076A88C /* cocos2d-ios.xcodeproj */ = {isa = PBXFileReference; lastKnownFileType = "wrapper.pb-project"; name = "cocos2d-ios.xcodeproj"; path = "Source/libs/cocos2d-iphone/cocos2d-ios.xcodeproj"; sourceTree = SOURCE_ROOT; };
		B73789851807631A0076A88C /* main.m */ = {isa = PBXFileReference; fileEncoding = 4; lastKnownFileType = sourcecode.c.objc; name = main.m; path = Source/main.m; sourceTree = SOURCE_ROOT; };
		B73789861807631A0076A88C /* Prefix.pch */ = {isa = PBXFileReference; fileEncoding = 4; lastKnownFileType = sourcecode.c.h; name = Prefix.pch; path = Source/Prefix.pch; sourceTree = SOURCE_ROOT; };
		B7378992180767190076A88C /* MainScene.h */ = {isa = PBXFileReference; fileEncoding = 4; lastKnownFileType = sourcecode.c.h; name = MainScene.h; path = Source/MainScene.h; sourceTree = "<group>"; };
		B7378993180767190076A88C /* MainScene.m */ = {isa = PBXFileReference; fileEncoding = 4; lastKnownFileType = sourcecode.c.objc; name = MainScene.m; path = Source/MainScene.m; sourceTree = "<group>"; };
		B77F1B2E17B978D7009739AE /* ScribbleStroids.app */ = {isa = PBXFileReference; explicitFileType = wrapper.application; includeInIndex = 0; path = ScribbleStroids.app; sourceTree = BUILT_PRODUCTS_DIR; };
		B77F1B3117B978D7009739AE /* QuartzCore.framework */ = {isa = PBXFileReference; lastKnownFileType = wrapper.framework; name = QuartzCore.framework; path = System/Library/Frameworks/QuartzCore.framework; sourceTree = SDKROOT; };
		B77F1B3317B978D7009739AE /* OpenGLES.framework */ = {isa = PBXFileReference; lastKnownFileType = wrapper.framework; name = OpenGLES.framework; path = System/Library/Frameworks/OpenGLES.framework; sourceTree = SDKROOT; };
		B77F1B3517B978D7009739AE /* OpenAL.framework */ = {isa = PBXFileReference; lastKnownFileType = wrapper.framework; name = OpenAL.framework; path = System/Library/Frameworks/OpenAL.framework; sourceTree = SDKROOT; };
		B77F1B3717B978D7009739AE /* AudioToolbox.framework */ = {isa = PBXFileReference; lastKnownFileType = wrapper.framework; name = AudioToolbox.framework; path = System/Library/Frameworks/AudioToolbox.framework; sourceTree = SDKROOT; };
		B77F1B3917B978D7009739AE /* AVFoundation.framework */ = {isa = PBXFileReference; lastKnownFileType = wrapper.framework; name = AVFoundation.framework; path = System/Library/Frameworks/AVFoundation.framework; sourceTree = SDKROOT; };
		B77F1B3B17B978D7009739AE /* UIKit.framework */ = {isa = PBXFileReference; lastKnownFileType = wrapper.framework; name = UIKit.framework; path = System/Library/Frameworks/UIKit.framework; sourceTree = SDKROOT; };
		B77F1B3D17B978D7009739AE /* Foundation.framework */ = {isa = PBXFileReference; lastKnownFileType = wrapper.framework; name = Foundation.framework; path = System/Library/Frameworks/Foundation.framework; sourceTree = SDKROOT; };
		B77F1B3F17B978D7009739AE /* CoreGraphics.framework */ = {isa = PBXFileReference; lastKnownFileType = wrapper.framework; name = CoreGraphics.framework; path = System/Library/Frameworks/CoreGraphics.framework; sourceTree = SDKROOT; };
		B77F1B4117B978D7009739AE /* CoreText.framework */ = {isa = PBXFileReference; lastKnownFileType = wrapper.framework; name = CoreText.framework; path = System/Library/Frameworks/CoreText.framework; sourceTree = SDKROOT; };
		B7B3713D180358F1007369CC /* libObjectiveChipmunk.a */ = {isa = PBXFileReference; lastKnownFileType = archive.ar; name = libObjectiveChipmunk.a; path = "../libs/cocos2d-iphone/external/Chipmunk/xcode/build/Debug-iphoneos/libObjectiveChipmunk.a"; sourceTree = "<group>"; };
		BA00D87A1986DBEE00D3F431 /* Asteroid.h */ = {isa = PBXFileReference; fileEncoding = 4; lastKnownFileType = sourcecode.c.h; path = Asteroid.h; sourceTree = "<group>"; };
		BA00D87B1986DBEE00D3F431 /* Asteroid.m */ = {isa = PBXFileReference; fileEncoding = 4; lastKnownFileType = sourcecode.c.objc; path = Asteroid.m; sourceTree = "<group>"; };
		BA00D87D1986DBF900D3F431 /* Ship.h */ = {isa = PBXFileReference; fileEncoding = 4; lastKnownFileType = sourcecode.c.h; path = Ship.h; sourceTree = "<group>"; };
		BA00D87E1986DBF900D3F431 /* Ship.m */ = {isa = PBXFileReference; fileEncoding = 4; lastKnownFileType = sourcecode.c.objc; path = Ship.m; sourceTree = "<group>"; };
		BA00D8801988298D00D3F431 /* Bullet.h */ = {isa = PBXFileReference; fileEncoding = 4; lastKnownFileType = sourcecode.c.h; path = Bullet.h; sourceTree = "<group>"; };
		BA00D8811988298D00D3F431 /* Bullet.m */ = {isa = PBXFileReference; fileEncoding = 4; lastKnownFileType = sourcecode.c.objc; path = Bullet.m; sourceTree = "<group>"; };
		BA143A7819AD1D34002E3762 /* rocketBlubber.mp3 */ = {isa = PBXFileReference; lastKnownFileType = audio.mp3; name = rocketBlubber.mp3; path = ../../../../../Desktop/SSAudio/rocketBlubber.mp3; sourceTree = "<group>"; };
		BA143A7C19B0BAB4002E3762 /* bulletAsteroid6.mp3 */ = {isa = PBXFileReference; lastKnownFileType = audio.mp3; name = bulletAsteroid6.mp3; path = ../../../../../Desktop/SSAudio/Explosions/bulletAsteroid6.mp3; sourceTree = "<group>"; };
		BA143A7D19B0BAB4002E3762 /* bulletAsteroid5.mp3 */ = {isa = PBXFileReference; lastKnownFileType = audio.mp3; name = bulletAsteroid5.mp3; path = ../../../../../Desktop/SSAudio/Explosions/bulletAsteroid5.mp3; sourceTree = "<group>"; };
		BA143A7E19B0BAB4002E3762 /* bulletAsteroid4.mp3 */ = {isa = PBXFileReference; lastKnownFileType = audio.mp3; name = bulletAsteroid4.mp3; path = ../../../../../Desktop/SSAudio/Explosions/bulletAsteroid4.mp3; sourceTree = "<group>"; };
		BA143A7F19B0BAB4002E3762 /* bulletAsteroid3.mp3 */ = {isa = PBXFileReference; lastKnownFileType = audio.mp3; name = bulletAsteroid3.mp3; path = ../../../../../Desktop/SSAudio/Explosions/bulletAsteroid3.mp3; sourceTree = "<group>"; };
		BA143A8019B0BAB4002E3762 /* bulletAsteroid2.mp3 */ = {isa = PBXFileReference; lastKnownFileType = audio.mp3; name = bulletAsteroid2.mp3; path = ../../../../../Desktop/SSAudio/Explosions/bulletAsteroid2.mp3; sourceTree = "<group>"; };
		BA143A8119B0BAB4002E3762 /* bulletAsteroid1.mp3 */ = {isa = PBXFileReference; lastKnownFileType = audio.mp3; name = bulletAsteroid1.mp3; path = ../../../../../Desktop/SSAudio/Explosions/bulletAsteroid1.mp3; sourceTree = "<group>"; };
		BA143A8819B2109F002E3762 /* shipAsteroid.mp3 */ = {isa = PBXFileReference; lastKnownFileType = audio.mp3; name = shipAsteroid.mp3; path = ../../../../../Desktop/SSAudio/Explosions/shipAsteroid.mp3; sourceTree = "<group>"; };
		BA1FCE8019A3F2B500BCF9B4 /* Pew1.mp3 */ = {isa = PBXFileReference; lastKnownFileType = audio.mp3; name = Pew1.mp3; path = ../../../../../Music/GarageBand/Pew1.mp3; sourceTree = "<group>"; };
		BA1FCECA19AAE6CB00BCF9B4 /* ping1.mp3 */ = {isa = PBXFileReference; lastKnownFileType = audio.mp3; name = ping1.mp3; path = ../../../../../Desktop/SSAudio/ping1.mp3; sourceTree = "<group>"; };
		BA1FCECC19AAE90300BCF9B4 /* pew2.mp3 */ = {isa = PBXFileReference; lastKnownFileType = audio.mp3; name = pew2.mp3; path = ../../../../../Desktop/SSAudio/pew2.mp3; sourceTree = "<group>"; };
		BA1FCECE19AAEA5800BCF9B4 /* pew3.mp3 */ = {isa = PBXFileReference; lastKnownFileType = audio.mp3; name = pew3.mp3; path = ../../../../../Desktop/SSAudio/pew3.mp3; sourceTree = "<group>"; };
		BA1FCECF19AAEA5800BCF9B4 /* pew4.mp3 */ = {isa = PBXFileReference; lastKnownFileType = audio.mp3; name = pew4.mp3; path = ../../../../../Desktop/SSAudio/pew4.mp3; sourceTree = "<group>"; };
		BA1FCED219AAEC0500BCF9B4 /* pew5.mp3 */ = {isa = PBXFileReference; lastKnownFileType = audio.mp3; name = pew5.mp3; path = ../../../../../Desktop/SSAudio/pew5.mp3; sourceTree = "<group>"; };
		BA1FCED419AAECCD00BCF9B4 /* pew6.mp3 */ = {isa = PBXFileReference; lastKnownFileType = audio.mp3; name = pew6.mp3; path = ../../../../../Desktop/SSAudio/pew6.mp3; sourceTree = "<group>"; };
		BA1FCED619AAEDC700BCF9B4 /* ping2.mp3 */ = {isa = PBXFileReference; lastKnownFileType = audio.mp3; name = ping2.mp3; path = ../../../../../Desktop/SSAudio/ping2.mp3; sourceTree = "<group>"; };
		BA1FCEDA19AAEF6F00BCF9B4 /* bloophigh.mp3 */ = {isa = PBXFileReference; lastKnownFileType = audio.mp3; name = bloophigh.mp3; path = ../../../../../Desktop/SSAudio/coins/bloophigh.mp3; sourceTree = "<group>"; };
		BA1FCEDB19AAEF6F00BCF9B4 /* blooplow.mp3 */ = {isa = PBXFileReference; lastKnownFileType = audio.mp3; name = blooplow.mp3; path = ../../../../../Desktop/SSAudio/coins/blooplow.mp3; sourceTree = "<group>"; };
		BA1FCEDC19AAEF6F00BCF9B4 /* bloopmed.mp3 */ = {isa = PBXFileReference; lastKnownFileType = audio.mp3; name = bloopmed.mp3; path = ../../../../../Desktop/SSAudio/coins/bloopmed.mp3; sourceTree = "<group>"; };
		BA1FCEE019AAF1DC00BCF9B4 /* SoftRocketThrust.mp3 */ = {isa = PBXFileReference; lastKnownFileType = audio.mp3; name = SoftRocketThrust.mp3; path = ../../../../../Desktop/SSAudio/SoftRocketThrust.mp3; sourceTree = "<group>"; };
		BA1FCEE219AAF82600BCF9B4 /* rocketThrust.mp3 */ = {isa = PBXFileReference; lastKnownFileType = audio.mp3; name = rocketThrust.mp3; path = ../../../../../Desktop/SSAudio/rocketThrust.mp3; sourceTree = "<group>"; };
		BA5FACDC19D104FE00C6D49A /* 180x180.png */ = {isa = PBXFileReference; lastKnownFileType = image.png; name = 180x180.png; path = ../../../../../Desktop/SSArt/Icons/180x180.png; sourceTree = "<group>"; };
		BA9D12B919942211000C05D1 /* Bomb.h */ = {isa = PBXFileReference; fileEncoding = 4; lastKnownFileType = sourcecode.c.h; path = Bomb.h; sourceTree = "<group>"; };
		BA9D12BA19942211000C05D1 /* Bomb.m */ = {isa = PBXFileReference; fileEncoding = 4; lastKnownFileType = sourcecode.c.objc; path = Bomb.m; sourceTree = "<group>"; };
		BAA245CD19CD423C00340D6C /* 40x40.png */ = {isa = PBXFileReference; lastKnownFileType = image.png; name = 40x40.png; path = ../../../../../Desktop/SSArt/Icons/40x40.png; sourceTree = "<group>"; };
		BAA245CE19CD423C00340D6C /* 29x29.png */ = {isa = PBXFileReference; lastKnownFileType = image.png; name = 29x29.png; path = ../../../../../Desktop/SSArt/Icons/29x29.png; sourceTree = "<group>"; };
		BAA245CF19CD423C00340D6C /* 58x58.png */ = {isa = PBXFileReference; lastKnownFileType = image.png; name = 58x58.png; path = ../../../../../Desktop/SSArt/Icons/58x58.png; sourceTree = "<group>"; };
		BAA245D019CD423C00340D6C /* 80x80.png */ = {isa = PBXFileReference; lastKnownFileType = image.png; name = 80x80.png; path = ../../../../../Desktop/SSArt/Icons/80x80.png; sourceTree = "<group>"; };
		BAA245D119CD423C00340D6C /* 60x60.png */ = {isa = PBXFileReference; lastKnownFileType = image.png; name = 60x60.png; path = ../../../../../Desktop/SSArt/Icons/60x60.png; sourceTree = "<group>"; };
		BAA245D219CD423C00340D6C /* 120x120.png */ = {isa = PBXFileReference; lastKnownFileType = image.png; name = 120x120.png; path = ../../../../../Desktop/SSArt/Icons/120x120.png; sourceTree = "<group>"; };
		BAA245D919CD4AEC00340D6C /* 114x114.png */ = {isa = PBXFileReference; lastKnownFileType = image.png; name = 114x114.png; path = ../../../../../Desktop/SSArt/Icons/114x114.png; sourceTree = "<group>"; };
		BAA245DA19CD4AEC00340D6C /* 57x57.png */ = {isa = PBXFileReference; lastKnownFileType = image.png; name = 57x57.png; path = ../../../../../Desktop/SSArt/Icons/57x57.png; sourceTree = "<group>"; };
		BAA245DD19CFE5F300340D6C /* iAd.framework */ = {isa = PBXFileReference; lastKnownFileType = wrapper.framework; name = iAd.framework; path = System/Library/Frameworks/iAd.framework; sourceTree = SDKROOT; };
		BAA28AA11997C409000A83D1 /* Settings.h */ = {isa = PBXFileReference; fileEncoding = 4; lastKnownFileType = sourcecode.c.h; path = Settings.h; sourceTree = "<group>"; };
		BAA28AA21997C409000A83D1 /* Settings.m */ = {isa = PBXFileReference; fileEncoding = 4; lastKnownFileType = sourcecode.c.objc; path = Settings.m; sourceTree = "<group>"; };
		BAA28AA41997C64D000A83D1 /* Store.h */ = {isa = PBXFileReference; fileEncoding = 4; lastKnownFileType = sourcecode.c.h; path = Store.h; sourceTree = "<group>"; };
		BAA28AA51997C64D000A83D1 /* Store.m */ = {isa = PBXFileReference; fileEncoding = 4; lastKnownFileType = sourcecode.c.objc; path = Store.m; sourceTree = "<group>"; };
		BAA28AA719986977000A83D1 /* Coin.h */ = {isa = PBXFileReference; fileEncoding = 4; lastKnownFileType = sourcecode.c.h; path = Coin.h; sourceTree = "<group>"; };
		BAA28AA819986977000A83D1 /* Coin.m */ = {isa = PBXFileReference; fileEncoding = 4; lastKnownFileType = sourcecode.c.objc; path = Coin.m; sourceTree = "<group>"; };
		BAA28AAB19991BB1000A83D1 /* CoinLabel.h */ = {isa = PBXFileReference; fileEncoding = 4; lastKnownFileType = sourcecode.c.h; path = CoinLabel.h; sourceTree = "<group>"; };
		BAA28AAC19991BB1000A83D1 /* CoinLabel.m */ = {isa = PBXFileReference; fileEncoding = 4; lastKnownFileType = sourcecode.c.objc; path = CoinLabel.m; sourceTree = "<group>"; };
		BAA5F14B19E249B300EFDFC7 /* 144x144.png */ = {isa = PBXFileReference; lastKnownFileType = image.png; name = 144x144.png; path = ../../../../../Desktop/SSArt/Icons/144x144.png; sourceTree = "<group>"; };
		BAA5F14C19E249B300EFDFC7 /* 72x72.png */ = {isa = PBXFileReference; lastKnownFileType = image.png; name = 72x72.png; path = ../../../../../Desktop/SSArt/Icons/72x72.png; sourceTree = "<group>"; };
		BAA5F14D19E249B300EFDFC7 /* 100x100.png */ = {isa = PBXFileReference; lastKnownFileType = image.png; name = 100x100.png; path = ../../../../../Desktop/SSArt/Icons/100x100.png; sourceTree = "<group>"; };
		BAA5F14E19E249B300EFDFC7 /* 50x50.png */ = {isa = PBXFileReference; lastKnownFileType = image.png; name = 50x50.png; path = ../../../../../Desktop/SSArt/Icons/50x50.png; sourceTree = "<group>"; };
		BAA5F15819E3644300EFDFC7 /* 152x152.png */ = {isa = PBXFileReference; lastKnownFileType = image.png; name = 152x152.png; path = ../../../../../Desktop/SSArt/Icons/152x152.png; sourceTree = "<group>"; };
		BAA5F15919E3644300EFDFC7 /* 76x76.png */ = {isa = PBXFileReference; lastKnownFileType = image.png; name = 76x76.png; path = ../../../../../Desktop/SSArt/Icons/76x76.png; sourceTree = "<group>"; };
		BAAD3DD41995DB4D0064AF9A /* Shield.h */ = {isa = PBXFileReference; fileEncoding = 4; lastKnownFileType = sourcecode.c.h; path = Shield.h; sourceTree = "<group>"; };
		BAAD3DD51995DB4D0064AF9A /* Shield.m */ = {isa = PBXFileReference; fileEncoding = 4; lastKnownFileType = sourcecode.c.objc; path = Shield.m; sourceTree = "<group>"; };
		BAAE87B6199D2924003C48FE /* Level1.h */ = {isa = PBXFileReference; fileEncoding = 4; lastKnownFileType = sourcecode.c.h; path = Level1.h; sourceTree = "<group>"; };
		BAAE87B7199D2924003C48FE /* Level1.m */ = {isa = PBXFileReference; fileEncoding = 4; lastKnownFileType = sourcecode.c.objc; path = Level1.m; sourceTree = "<group>"; };
		BAAE87B9199D3368003C48FE /* Level2.h */ = {isa = PBXFileReference; fileEncoding = 4; lastKnownFileType = sourcecode.c.h; path = Level2.h; sourceTree = "<group>"; };
		BAAE87BA199D3368003C48FE /* Level2.m */ = {isa = PBXFileReference; fileEncoding = 4; lastKnownFileType = sourcecode.c.objc; path = Level2.m; sourceTree = "<group>"; };
		BAAE87BC199D3370003C48FE /* Level3.h */ = {isa = PBXFileReference; fileEncoding = 4; lastKnownFileType = sourcecode.c.h; path = Level3.h; sourceTree = "<group>"; };
		BAAE87BD199D3370003C48FE /* Level3.m */ = {isa = PBXFileReference; fileEncoding = 4; lastKnownFileType = sourcecode.c.objc; path = Level3.m; sourceTree = "<group>"; };
		BAAE87BF199D337B003C48FE /* Level4.h */ = {isa = PBXFileReference; fileEncoding = 4; lastKnownFileType = sourcecode.c.h; path = Level4.h; sourceTree = "<group>"; };
		BAAE87C0199D337B003C48FE /* Level4.m */ = {isa = PBXFileReference; fileEncoding = 4; lastKnownFileType = sourcecode.c.objc; path = Level4.m; sourceTree = "<group>"; };
		BAAE87C2199D3384003C48FE /* Level5.h */ = {isa = PBXFileReference; fileEncoding = 4; lastKnownFileType = sourcecode.c.h; path = Level5.h; sourceTree = "<group>"; };
		BAAE87C3199D3384003C48FE /* Level5.m */ = {isa = PBXFileReference; fileEncoding = 4; lastKnownFileType = sourcecode.c.objc; path = Level5.m; sourceTree = "<group>"; };
		BAAE87C5199FB4B8003C48FE /* Explosion.h */ = {isa = PBXFileReference; fileEncoding = 4; lastKnownFileType = sourcecode.c.h; path = Explosion.h; sourceTree = "<group>"; };
		BAAE87C6199FB4B8003C48FE /* Explosion.m */ = {isa = PBXFileReference; fileEncoding = 4; lastKnownFileType = sourcecode.c.objc; path = Explosion.m; sourceTree = "<group>"; };
		BABC17A91A06ECDD00B793AF /* GameKitHelper.h */ = {isa = PBXFileReference; fileEncoding = 4; lastKnownFileType = sourcecode.c.h; path = GameKitHelper.h; sourceTree = "<group>"; };
		BABC17AA1A06ECDD00B793AF /* GameKitHelper.m */ = {isa = PBXFileReference; fileEncoding = 4; lastKnownFileType = sourcecode.c.objc; path = GameKitHelper.m; sourceTree = "<group>"; };
		BABD42D6198416E600C4A826 /* GameScene.h */ = {isa = PBXFileReference; fileEncoding = 4; lastKnownFileType = sourcecode.c.h; path = GameScene.h; sourceTree = "<group>"; };
		BABD42D7198416E600C4A826 /* GameScene.m */ = {isa = PBXFileReference; fileEncoding = 4; lastKnownFileType = sourcecode.c.objc; path = GameScene.m; sourceTree = "<group>"; };
		BAE245C11991744B0030F38A /* LargeStars.png */ = {isa = PBXFileReference; lastKnownFileType = image.png; name = LargeStars.png; path = ../../../../../Desktop/SSArt/Stars/LargeStars.png; sourceTree = "<group>"; };
		BAE245C21991744B0030F38A /* LargeStars@2x.png */ = {isa = PBXFileReference; lastKnownFileType = image.png; name = "LargeStars@2x.png"; path = "../../../../../Desktop/SSArt/Stars/LargeStars@2x.png"; sourceTree = "<group>"; };
		BAE245C31991744B0030F38A /* MediumStars.png */ = {isa = PBXFileReference; lastKnownFileType = image.png; name = MediumStars.png; path = ../../../../../Desktop/SSArt/Stars/MediumStars.png; sourceTree = "<group>"; };
		BAE245C41991744B0030F38A /* MediumStars@2x.png */ = {isa = PBXFileReference; lastKnownFileType = image.png; name = "MediumStars@2x.png"; path = "../../../../../Desktop/SSArt/Stars/MediumStars@2x.png"; sourceTree = "<group>"; };
		BAE245C51991744B0030F38A /* SmallStars.png */ = {isa = PBXFileReference; lastKnownFileType = image.png; name = SmallStars.png; path = ../../../../../Desktop/SSArt/Stars/SmallStars.png; sourceTree = "<group>"; };
		BAE245C61991744B0030F38A /* SmallStars@2x.png */ = {isa = PBXFileReference; lastKnownFileType = image.png; name = "SmallStars@2x.png"; path = "../../../../../Desktop/SSArt/Stars/SmallStars@2x.png"; sourceTree = "<group>"; };
		BAE245D419917F500030F38A /* ScribbleStroids.entitlements */ = {isa = PBXFileReference; lastKnownFileType = text.xml; path = ScribbleStroids.entitlements; sourceTree = "<group>"; };
		BAE245D51992AF4E0030F38A /* Stars.h */ = {isa = PBXFileReference; fileEncoding = 4; lastKnownFileType = sourcecode.c.h; path = Stars.h; sourceTree = "<group>"; };
		BAE245D61992AF4E0030F38A /* Stars.m */ = {isa = PBXFileReference; fileEncoding = 4; lastKnownFileType = sourcecode.c.objc; path = Stars.m; sourceTree = "<group>"; };
		BAE6957B19BE509F00E7811F /* GameKit.framework */ = {isa = PBXFileReference; lastKnownFileType = wrapper.framework; name = GameKit.framework; path = System/Library/Frameworks/GameKit.framework; sourceTree = SDKROOT; };
		BAE6958219C7FE2900E7811F /* InAppPurchaseScene.h */ = {isa = PBXFileReference; fileEncoding = 4; lastKnownFileType = sourcecode.c.h; path = InAppPurchaseScene.h; sourceTree = "<group>"; };
		BAE6958319C7FE2900E7811F /* InAppPurchaseScene.m */ = {isa = PBXFileReference; fileEncoding = 4; lastKnownFileType = sourcecode.c.objc; path = InAppPurchaseScene.m; sourceTree = "<group>"; };
		BAE6958A19C822E700E7811F /* Images.xcassets */ = {isa = PBXFileReference; lastKnownFileType = folder.assetcatalog; name = Images.xcassets; path = ScribbleStroids/Images.xcassets; sourceTree = SOURCE_ROOT; };
		BAE6959019C94E8800E7811F /* StoreKit.framework */ = {isa = PBXFileReference; lastKnownFileType = wrapper.framework; name = StoreKit.framework; path = System/Library/Frameworks/StoreKit.framework; sourceTree = SDKROOT; };
/* End PBXFileReference section */

/* Begin PBXFrameworksBuildPhase section */
		B77F1B2B17B978D7009739AE /* Frameworks */ = {
			isa = PBXFrameworksBuildPhase;
			buildActionMask = 2147483647;
			files = (
				BAA245DE19CFE5F300340D6C /* iAd.framework in Frameworks */,
				BAE6959119C94E8800E7811F /* StoreKit.framework in Frameworks */,
				8392007A18EE8E3300B6C429 /* GLKit.framework in Frameworks */,
				B737898A1807642B0076A88C /* libcocos2d.a in Frameworks */,
				B77F1B3217B978D7009739AE /* QuartzCore.framework in Frameworks */,
				BAE6957C19BE509F00E7811F /* GameKit.framework in Frameworks */,
				B77F1B3417B978D7009739AE /* OpenGLES.framework in Frameworks */,
				B77F1B3617B978D7009739AE /* OpenAL.framework in Frameworks */,
				B77F1B3817B978D7009739AE /* AudioToolbox.framework in Frameworks */,
				B77F1B3A17B978D7009739AE /* AVFoundation.framework in Frameworks */,
				B77F1B3C17B978D7009739AE /* UIKit.framework in Frameworks */,
				B77F1B3E17B978D7009739AE /* Foundation.framework in Frameworks */,
				B77F1B4017B978D7009739AE /* CoreGraphics.framework in Frameworks */,
				B77F1B4217B978D7009739AE /* CoreText.framework in Frameworks */,
			);
			runOnlyForDeploymentPostprocessing = 0;
		};
/* End PBXFrameworksBuildPhase section */

/* Begin PBXGroup section */
		9222E2B918734FF800A246C7 /* libs */ = {
			isa = PBXGroup;
			children = (
				B7378940180761A80076A88C /* cocos2d-ios.xcodeproj */,
			);
			name = libs;
			sourceTree = "<group>";
		};
		B737893C1807616C0076A88C /* Source */ = {
			isa = PBXGroup;
			children = (
				BAAE87B4199D2876003C48FE /* Ship Classes */,
				BAA28AAA19991B28000A83D1 /* Custom Classes */,
				BAA28A9C1997C3A4000A83D1 /* Scene Classes */,
				BA00D8781986DBDC00D3F431 /* Sprite Classes */,
				B737893D1807617C0076A88C /* AppDelegate.h */,
				B737893E1807617C0076A88C /* AppDelegate.m */,
			);
			name = Source;
			sourceTree = "<group>";
		};
		B7378941180761A80076A88C /* Products */ = {
			isa = PBXGroup;
			children = (
				B737894B180761A90076A88C /* libcocos2d.a */,
			);
			name = Products;
			sourceTree = "<group>";
		};
		B77F1B2517B978D7009739AE = {
			isa = PBXGroup;
			children = (
				BAE245D419917F500030F38A /* ScribbleStroids.entitlements */,
				B737893C1807616C0076A88C /* Source */,
				B77F1B4617B978D7009739AE /* Resources */,
				9222E2B918734FF800A246C7 /* libs */,
				B77F1CCF17B978D8009739AE /* Supporting Files */,
				B77F1B3017B978D7009739AE /* Frameworks */,
				B77F1B2F17B978D7009739AE /* Products */,
			);
			sourceTree = "<group>";
		};
		B77F1B2F17B978D7009739AE /* Products */ = {
			isa = PBXGroup;
			children = (
				B77F1B2E17B978D7009739AE /* ScribbleStroids.app */,
			);
			name = Products;
			sourceTree = "<group>";
		};
		B77F1B3017B978D7009739AE /* Frameworks */ = {
			isa = PBXGroup;
			children = (
				BAA245DD19CFE5F300340D6C /* iAd.framework */,
				BAE6959019C94E8800E7811F /* StoreKit.framework */,
				BAE6957B19BE509F00E7811F /* GameKit.framework */,
				8392007918EE8E3300B6C429 /* GLKit.framework */,
				B7B3713D180358F1007369CC /* libObjectiveChipmunk.a */,
				B77F1B3117B978D7009739AE /* QuartzCore.framework */,
				B77F1B3317B978D7009739AE /* OpenGLES.framework */,
				B77F1B3517B978D7009739AE /* OpenAL.framework */,
				B77F1B3717B978D7009739AE /* AudioToolbox.framework */,
				B77F1B3917B978D7009739AE /* AVFoundation.framework */,
				B77F1B3B17B978D7009739AE /* UIKit.framework */,
				B77F1B3D17B978D7009739AE /* Foundation.framework */,
				B77F1B3F17B978D7009739AE /* CoreGraphics.framework */,
				B77F1B4117B978D7009739AE /* CoreText.framework */,
			);
			name = Frameworks;
			sourceTree = "<group>";
		};
		B77F1B4617B978D7009739AE /* Resources */ = {
			isa = PBXGroup;
			children = (
				BAE6958A19C822E700E7811F /* Images.xcassets */,
				BA1FCE7C19A3F25800BCF9B4 /* Audio */,
				BA10FE611988C7840023D1F2 /* Art */,
				B737893A180761570076A88C /* Published-iOS */,
			);
			name = Resources;
			path = Source/Resources;
			sourceTree = "<group>";
		};
		B77F1CCF17B978D8009739AE /* Supporting Files */ = {
			isa = PBXGroup;
			children = (
				B73789851807631A0076A88C /* main.m */,
				B73789861807631A0076A88C /* Prefix.pch */,
			);
			name = "Supporting Files";
			sourceTree = "<group>";
		};
		BA00D8781986DBDC00D3F431 /* Sprite Classes */ = {
			isa = PBXGroup;
			children = (
				BA00D87A1986DBEE00D3F431 /* Asteroid.h */,
				BA00D87B1986DBEE00D3F431 /* Asteroid.m */,
				BA00D8801988298D00D3F431 /* Bullet.h */,
				BA00D8811988298D00D3F431 /* Bullet.m */,
				BAE245D51992AF4E0030F38A /* Stars.h */,
				BAE245D61992AF4E0030F38A /* Stars.m */,
				BA9D12B919942211000C05D1 /* Bomb.h */,
				BA9D12BA19942211000C05D1 /* Bomb.m */,
				BAAD3DD41995DB4D0064AF9A /* Shield.h */,
				BAAD3DD51995DB4D0064AF9A /* Shield.m */,
				BAA28AA719986977000A83D1 /* Coin.h */,
				BAA28AA819986977000A83D1 /* Coin.m */,
			);
			name = "Sprite Classes";
			sourceTree = "<group>";
		};
		BA10FE611988C7840023D1F2 /* Art */ = {
			isa = PBXGroup;
			children = (
				BAA5F15319E24A4100EFDFC7 /* Launch Images */,
				BAA245CB19CD421100340D6C /* Icons */,
				BAE245BF199174390030F38A /* Stars */,
			);
			name = Art;
			sourceTree = "<group>";
		};
		BA143A7B19B0BA99002E3762 /* Explosions */ = {
			isa = PBXGroup;
			children = (
				BA143A8819B2109F002E3762 /* shipAsteroid.mp3 */,
				BA143A7C19B0BAB4002E3762 /* bulletAsteroid6.mp3 */,
				BA143A7D19B0BAB4002E3762 /* bulletAsteroid5.mp3 */,
				BA143A7E19B0BAB4002E3762 /* bulletAsteroid4.mp3 */,
				BA143A7F19B0BAB4002E3762 /* bulletAsteroid3.mp3 */,
				BA143A8019B0BAB4002E3762 /* bulletAsteroid2.mp3 */,
				BA143A8119B0BAB4002E3762 /* bulletAsteroid1.mp3 */,
			);
			name = Explosions;
			sourceTree = "<group>";
		};
		BA1FCE7C19A3F25800BCF9B4 /* Audio */ = {
			isa = PBXGroup;
			children = (
				BA143A7B19B0BA99002E3762 /* Explosions */,
				BA1FCED919AAEF5A00BCF9B4 /* Ship */,
				BA1FCED819AAEF5300BCF9B4 /* Coins */,
			);
			name = Audio;
			sourceTree = "<group>";
		};
		BA1FCED819AAEF5300BCF9B4 /* Coins */ = {
			isa = PBXGroup;
			children = (
				BA1FCEDA19AAEF6F00BCF9B4 /* bloophigh.mp3 */,
				BA1FCEDB19AAEF6F00BCF9B4 /* blooplow.mp3 */,
				BA1FCEDC19AAEF6F00BCF9B4 /* bloopmed.mp3 */,
			);
			name = Coins;
			sourceTree = "<group>";
		};
		BA1FCED919AAEF5A00BCF9B4 /* Ship */ = {
			isa = PBXGroup;
			children = (
				BA143A7819AD1D34002E3762 /* rocketBlubber.mp3 */,
				BA1FCEE219AAF82600BCF9B4 /* rocketThrust.mp3 */,
				BA1FCEE019AAF1DC00BCF9B4 /* SoftRocketThrust.mp3 */,
				BA1FCED619AAEDC700BCF9B4 /* ping2.mp3 */,
				BA1FCED419AAECCD00BCF9B4 /* pew6.mp3 */,
				BA1FCED219AAEC0500BCF9B4 /* pew5.mp3 */,
				BA1FCECE19AAEA5800BCF9B4 /* pew3.mp3 */,
				BA1FCECF19AAEA5800BCF9B4 /* pew4.mp3 */,
				BA1FCECC19AAE90300BCF9B4 /* pew2.mp3 */,
				BA1FCECA19AAE6CB00BCF9B4 /* ping1.mp3 */,
				BA1FCE8019A3F2B500BCF9B4 /* Pew1.mp3 */,
			);
			name = Ship;
			sourceTree = "<group>";
		};
		BAA245CB19CD421100340D6C /* Icons */ = {
			isa = PBXGroup;
			children = (
				BAA5F15819E3644300EFDFC7 /* 152x152.png */,
				BAA5F15919E3644300EFDFC7 /* 76x76.png */,
				BAA5F14B19E249B300EFDFC7 /* 144x144.png */,
				BAA5F14C19E249B300EFDFC7 /* 72x72.png */,
				BAA5F14D19E249B300EFDFC7 /* 100x100.png */,
				BAA5F14E19E249B300EFDFC7 /* 50x50.png */,
				BA5FACDC19D104FE00C6D49A /* 180x180.png */,
				BAA245CD19CD423C00340D6C /* 40x40.png */,
				BAA245D919CD4AEC00340D6C /* 114x114.png */,
				BAA245DA19CD4AEC00340D6C /* 57x57.png */,
				BAA245CE19CD423C00340D6C /* 29x29.png */,
				BAA245CF19CD423C00340D6C /* 58x58.png */,
				BAA245D019CD423C00340D6C /* 80x80.png */,
				BAA245D119CD423C00340D6C /* 60x60.png */,
				BAA245D219CD423C00340D6C /* 120x120.png */,
			);
			name = Icons;
			sourceTree = "<group>";
		};
		BAA28A9C1997C3A4000A83D1 /* Scene Classes */ = {
			isa = PBXGroup;
			children = (
				BABC17A91A06ECDD00B793AF /* GameKitHelper.h */,
				BABC17AA1A06ECDD00B793AF /* GameKitHelper.m */,
				B7378992180767190076A88C /* MainScene.h */,
				B7378993180767190076A88C /* MainScene.m */,
				BABD42D6198416E600C4A826 /* GameScene.h */,
				BABD42D7198416E600C4A826 /* GameScene.m */,
				BAA28AA11997C409000A83D1 /* Settings.h */,
				BAA28AA21997C409000A83D1 /* Settings.m */,
				BAA28AA41997C64D000A83D1 /* Store.h */,
				BAA28AA51997C64D000A83D1 /* Store.m */,
				BAE6958219C7FE2900E7811F /* InAppPurchaseScene.h */,
				BAE6958319C7FE2900E7811F /* InAppPurchaseScene.m */,
			);
			name = "Scene Classes";
			sourceTree = "<group>";
		};
		BAA28AAA19991B28000A83D1 /* Custom Classes */ = {
			isa = PBXGroup;
			children = (
				BAA28AAB19991BB1000A83D1 /* CoinLabel.h */,
				BAA28AAC19991BB1000A83D1 /* CoinLabel.m */,
				BAAE87C5199FB4B8003C48FE /* Explosion.h */,
				BAAE87C6199FB4B8003C48FE /* Explosion.m */,
			);
			name = "Custom Classes";
			sourceTree = "<group>";
		};
		BAA5F15319E24A4100EFDFC7 /* Launch Images */ = {
			isa = PBXGroup;
			children = (
			);
			name = "Launch Images";
			sourceTree = "<group>";
		};
		BAAE87B4199D2876003C48FE /* Ship Classes */ = {
			isa = PBXGroup;
			children = (
				BA00D87D1986DBF900D3F431 /* Ship.h */,
				BA00D87E1986DBF900D3F431 /* Ship.m */,
				BAAE87B6199D2924003C48FE /* Level1.h */,
				BAAE87B7199D2924003C48FE /* Level1.m */,
				BAAE87B9199D3368003C48FE /* Level2.h */,
				BAAE87BA199D3368003C48FE /* Level2.m */,
				BAAE87BC199D3370003C48FE /* Level3.h */,
				BAAE87BD199D3370003C48FE /* Level3.m */,
				BAAE87BF199D337B003C48FE /* Level4.h */,
				BAAE87C0199D337B003C48FE /* Level4.m */,
				BAAE87C2199D3384003C48FE /* Level5.h */,
				BAAE87C3199D3384003C48FE /* Level5.m */,
			);
			name = "Ship Classes";
			sourceTree = "<group>";
		};
		BAE245BF199174390030F38A /* Stars */ = {
			isa = PBXGroup;
			children = (
				BAE245C11991744B0030F38A /* LargeStars.png */,
				BAE245C21991744B0030F38A /* LargeStars@2x.png */,
				BAE245C31991744B0030F38A /* MediumStars.png */,
				BAE245C41991744B0030F38A /* MediumStars@2x.png */,
				BAE245C51991744B0030F38A /* SmallStars.png */,
				BAE245C61991744B0030F38A /* SmallStars@2x.png */,
			);
			name = Stars;
			sourceTree = "<group>";
		};
/* End PBXGroup section */

/* Begin PBXNativeTarget section */
		B77F1B2D17B978D7009739AE /* ScribbleStroids */ = {
			isa = PBXNativeTarget;
			buildConfigurationList = B77F1CDE17B978D8009739AE /* Build configuration list for PBXNativeTarget "ScribbleStroids" */;
			buildPhases = (
				D2E0167A18D782EC00927430 /* Run Script */,
				B77F1B2A17B978D7009739AE /* Sources */,
				B77F1B2B17B978D7009739AE /* Frameworks */,
				B77F1B2C17B978D7009739AE /* Resources */,
			);
			buildRules = (
			);
			dependencies = (
				B7378989180764180076A88C /* PBXTargetDependency */,
			);
			name = ScribbleStroids;
			productName = Example;
			productReference = B77F1B2E17B978D7009739AE /* ScribbleStroids.app */;
			productType = "com.apple.product-type.application";
		};
/* End PBXNativeTarget section */

/* Begin PBXProject section */
		B77F1B2617B978D7009739AE /* Project object */ = {
			isa = PBXProject;
			attributes = {
				LastUpgradeCheck = 0600;
				ORGANIZATIONNAME = Apportable;
				TargetAttributes = {
					B77F1B2D17B978D7009739AE = {
						DevelopmentTeam = X93K6M4D6X;
						SystemCapabilities = {
							com.apple.GameCenter = {
								enabled = 1;
							};
							com.apple.InterAppAudio = {
								enabled = 1;
							};
						};
					};
				};
			};
			buildConfigurationList = B77F1B2917B978D7009739AE /* Build configuration list for PBXProject "ScribbleStroids" */;
			compatibilityVersion = "Xcode 3.2";
			developmentRegion = English;
			hasScannedForEncodings = 0;
			knownRegions = (
				en,
			);
			mainGroup = B77F1B2517B978D7009739AE;
			productRefGroup = B77F1B2F17B978D7009739AE /* Products */;
			projectDirPath = "";
			projectReferences = (
				{
					ProductGroup = B7378941180761A80076A88C /* Products */;
					ProjectRef = B7378940180761A80076A88C /* cocos2d-ios.xcodeproj */;
				},
			);
			projectRoot = "";
			targets = (
				B77F1B2D17B978D7009739AE /* ScribbleStroids */,
			);
		};
/* End PBXProject section */

/* Begin PBXReferenceProxy section */
		B737894B180761A90076A88C /* libcocos2d.a */ = {
			isa = PBXReferenceProxy;
			fileType = archive.ar;
			path = libcocos2d.a;
			remoteRef = B737894A180761A90076A88C /* PBXContainerItemProxy */;
			sourceTree = BUILT_PRODUCTS_DIR;
		};
/* End PBXReferenceProxy section */

/* Begin PBXResourcesBuildPhase section */
		B77F1B2C17B978D7009739AE /* Resources */ = {
			isa = PBXResourcesBuildPhase;
			buildActionMask = 2147483647;
			files = (
				BAA245D819CD423C00340D6C /* 120x120.png in Resources */,
				BA1FCEE119AAF1DC00BCF9B4 /* SoftRocketThrust.mp3 in Resources */,
				BAA5F15219E249B300EFDFC7 /* 50x50.png in Resources */,
				BA143A8719B0BAB4002E3762 /* bulletAsteroid1.mp3 in Resources */,
				BAE245CB1991744B0030F38A /* SmallStars.png in Resources */,
				BA143A8619B0BAB4002E3762 /* bulletAsteroid2.mp3 in Resources */,
				BAA245D319CD423C00340D6C /* 40x40.png in Resources */,
				BAA5F14F19E249B300EFDFC7 /* 144x144.png in Resources */,
				BAE245C81991744B0030F38A /* LargeStars@2x.png in Resources */,
				BAA5F15019E249B300EFDFC7 /* 72x72.png in Resources */,
				BAA245D419CD423C00340D6C /* 29x29.png in Resources */,
				BA1FCED119AAEA5800BCF9B4 /* pew4.mp3 in Resources */,
				BAA5F15119E249B300EFDFC7 /* 100x100.png in Resources */,
				BA1FCED719AAEDC700BCF9B4 /* ping2.mp3 in Resources */,
				BA5FACDD19D104FE00C6D49A /* 180x180.png in Resources */,
				BAE245CC1991744B0030F38A /* SmallStars@2x.png in Resources */,
				BA1FCED019AAEA5800BCF9B4 /* pew3.mp3 in Resources */,
				BA143A7919AD1D34002E3762 /* rocketBlubber.mp3 in Resources */,
				BAA245D519CD423C00340D6C /* 58x58.png in Resources */,
				BA1FCED319AAEC0500BCF9B4 /* pew5.mp3 in Resources */,
				BA1FCECB19AAE6CB00BCF9B4 /* ping1.mp3 in Resources */,
				BA143A8319B0BAB4002E3762 /* bulletAsteroid5.mp3 in Resources */,
				B737893B180761570076A88C /* Published-iOS in Resources */,
				BAE245C91991744B0030F38A /* MediumStars.png in Resources */,
				BAE245C71991744B0030F38A /* LargeStars.png in Resources */,
				BA1FCEE319AAF82600BCF9B4 /* rocketThrust.mp3 in Resources */,
				BA143A8419B0BAB4002E3762 /* bulletAsteroid4.mp3 in Resources */,
				BAA245DB19CD4AEC00340D6C /* 114x114.png in Resources */,
				BAE6958B19C822E700E7811F /* Images.xcassets in Resources */,
				BA1FCEDE19AAEF6F00BCF9B4 /* blooplow.mp3 in Resources */,
				BAA5F15A19E3644300EFDFC7 /* 152x152.png in Resources */,
				BA1FCECD19AAE90300BCF9B4 /* pew2.mp3 in Resources */,
				BAA245D619CD423C00340D6C /* 80x80.png in Resources */,
				BAE245CA1991744B0030F38A /* MediumStars@2x.png in Resources */,
				BA1FCE8119A3F2B500BCF9B4 /* Pew1.mp3 in Resources */,
				BA1FCED519AAECCD00BCF9B4 /* pew6.mp3 in Resources */,
				BA1FCEDF19AAEF6F00BCF9B4 /* bloopmed.mp3 in Resources */,
				BA1FCEDD19AAEF6F00BCF9B4 /* bloophigh.mp3 in Resources */,
				BAA5F15B19E3644300EFDFC7 /* 76x76.png in Resources */,
				BA143A8219B0BAB4002E3762 /* bulletAsteroid6.mp3 in Resources */,
				BA143A8919B2109F002E3762 /* shipAsteroid.mp3 in Resources */,
				BA143A8519B0BAB4002E3762 /* bulletAsteroid3.mp3 in Resources */,
				BAA245DC19CD4AEC00340D6C /* 57x57.png in Resources */,
				BAA245D719CD423C00340D6C /* 60x60.png in Resources */,
			);
			runOnlyForDeploymentPostprocessing = 0;
		};
/* End PBXResourcesBuildPhase section */

/* Begin PBXShellScriptBuildPhase section */
		D2E0167A18D782EC00927430 /* Run Script */ = {
			isa = PBXShellScriptBuildPhase;
			buildActionMask = 8;
			files = (
			);
			inputPaths = (
			);
			name = "Run Script";
			outputPaths = (
			);
			runOnlyForDeploymentPostprocessing = 1;
			shellPath = /bin/sh;
			shellScript = "";
		};
/* End PBXShellScriptBuildPhase section */

/* Begin PBXSourcesBuildPhase section */
		B77F1B2A17B978D7009739AE /* Sources */ = {
			isa = PBXSourcesBuildPhase;
			buildActionMask = 2147483647;
			files = (
				BABC17AB1A06ECDD00B793AF /* GameKitHelper.m in Sources */,
				BAA28AA919986977000A83D1 /* Coin.m in Sources */,
				BAAE87B8199D2924003C48FE /* Level1.m in Sources */,
				BA00D8821988298D00D3F431 /* Bullet.m in Sources */,
				BAAE87C4199D3384003C48FE /* Level5.m in Sources */,
				BAE6958419C7FE2900E7811F /* InAppPurchaseScene.m in Sources */,
				B737893F1807617C0076A88C /* AppDelegate.m in Sources */,
				B7378994180767190076A88C /* MainScene.m in Sources */,
				BAA28AA61997C64D000A83D1 /* Store.m in Sources */,
				BAAE87C7199FB4B8003C48FE /* Explosion.m in Sources */,
				BAA28AA31997C409000A83D1 /* Settings.m in Sources */,
				BAAE87C1199D337B003C48FE /* Level4.m in Sources */,
				BABD42D8198416E600C4A826 /* GameScene.m in Sources */,
				BAAD3DD61995DB4D0064AF9A /* Shield.m in Sources */,
				BA00D87C1986DBEE00D3F431 /* Asteroid.m in Sources */,
				BAAE87BE199D3370003C48FE /* Level3.m in Sources */,
				BAA28AAD19991BB1000A83D1 /* CoinLabel.m in Sources */,
				BA9D12BB19942211000C05D1 /* Bomb.m in Sources */,
				B73789871807631A0076A88C /* main.m in Sources */,
				BAAE87BB199D3368003C48FE /* Level2.m in Sources */,
				BA00D87F1986DBF900D3F431 /* Ship.m in Sources */,
				BAE245D71992AF4E0030F38A /* Stars.m in Sources */,
			);
			runOnlyForDeploymentPostprocessing = 0;
		};
/* End PBXSourcesBuildPhase section */

/* Begin PBXTargetDependency section */
		B7378989180764180076A88C /* PBXTargetDependency */ = {
			isa = PBXTargetDependency;
			name = cocos2d;
			targetProxy = B7378988180764180076A88C /* PBXContainerItemProxy */;
		};
/* End PBXTargetDependency section */

/* Begin XCBuildConfiguration section */
		B77F1CDC17B978D8009739AE /* Debug */ = {
			isa = XCBuildConfiguration;
			buildSettings = {
				CLANG_WARN_BOOL_CONVERSION = YES;
				CLANG_WARN_CONSTANT_CONVERSION = YES;
				CLANG_WARN_EMPTY_BODY = YES;
				CLANG_WARN_ENUM_CONVERSION = YES;
				CLANG_WARN_INT_CONVERSION = YES;
				CLANG_WARN_UNREACHABLE_CODE = YES;
				CLANG_WARN__DUPLICATE_METHOD_MATCH = YES;
				"CODE_SIGN_IDENTITY[sdk=iphoneos*]" = "iPhone Developer";
				ENABLE_STRICT_OBJC_MSGSEND = YES;
				GCC_C_LANGUAGE_STANDARD = gnu99;
				GCC_OPTIMIZATION_LEVEL = 0;
				GCC_PREPROCESSOR_DEFINITIONS = (
					DEBUG,
					"COCOS2D_DEBUG=1",
				);
				GCC_SYMBOLS_PRIVATE_EXTERN = NO;
				GCC_VERSION = com.apple.compilers.llvm.clang.1_0;
				GCC_WARN_64_TO_32_BIT_CONVERSION = YES;
				GCC_WARN_ABOUT_RETURN_TYPE = YES;
				GCC_WARN_UNDECLARED_SELECTOR = YES;
				GCC_WARN_UNINITIALIZED_AUTOS = YES;
				GCC_WARN_UNUSED_FUNCTION = YES;
				GCC_WARN_UNUSED_VARIABLE = YES;
				IPHONEOS_DEPLOYMENT_TARGET = 4.0;
				ONLY_ACTIVE_ARCH = YES;
				SDKROOT = iphoneos;
				TARGETED_DEVICE_FAMILY = "1,2";
			};
			name = Debug;
		};
		B77F1CDD17B978D8009739AE /* Release */ = {
			isa = XCBuildConfiguration;
			buildSettings = {
				CLANG_WARN_BOOL_CONVERSION = YES;
				CLANG_WARN_CONSTANT_CONVERSION = YES;
				CLANG_WARN_EMPTY_BODY = YES;
				CLANG_WARN_ENUM_CONVERSION = YES;
				CLANG_WARN_INT_CONVERSION = YES;
				CLANG_WARN_UNREACHABLE_CODE = YES;
				CLANG_WARN__DUPLICATE_METHOD_MATCH = YES;
				"CODE_SIGN_IDENTITY[sdk=iphoneos*]" = "iPhone Developer";
				ENABLE_STRICT_OBJC_MSGSEND = YES;
				GCC_C_LANGUAGE_STANDARD = gnu99;
				GCC_PREPROCESSOR_DEFINITIONS = (
					NDEBUG,
					"NS_BLOCK_ASSERTIONS=1",
				);
				GCC_VERSION = com.apple.compilers.llvm.clang.1_0;
				GCC_WARN_64_TO_32_BIT_CONVERSION = YES;
				GCC_WARN_ABOUT_RETURN_TYPE = YES;
				GCC_WARN_UNDECLARED_SELECTOR = YES;
				GCC_WARN_UNINITIALIZED_AUTOS = YES;
				GCC_WARN_UNUSED_FUNCTION = YES;
				GCC_WARN_UNUSED_VARIABLE = YES;
				IPHONEOS_DEPLOYMENT_TARGET = 4.0;
				SDKROOT = iphoneos;
				TARGETED_DEVICE_FAMILY = "1,2";
			};
			name = Release;
		};
		B77F1CDF17B978D8009739AE /* Debug */ = {
			isa = XCBuildConfiguration;
			buildSettings = {
				ALWAYS_SEARCH_USER_PATHS = NO;
				ASSETCATALOG_COMPILER_APPICON_NAME = AppIcon;
				ASSETCATALOG_COMPILER_LAUNCHIMAGE_NAME = "LaunchImage-3";
				CLANG_ENABLE_OBJC_ARC = YES;
				CODE_SIGN_ENTITLEMENTS = ScribbleStroids.entitlements;
				CODE_SIGN_IDENTITY = "iPhone Developer";
				"CODE_SIGN_IDENTITY[sdk=iphoneos*]" = "iPhone Developer";
				COPY_PHASE_STRIP = NO;
				GCC_DYNAMIC_NO_PIC = NO;
				GCC_PRECOMPILE_PREFIX_HEADER = YES;
				GCC_PREFIX_HEADER = Source/Prefix.pch;
				HEADER_SEARCH_PATHS = (
					"\"Source/libs/cocos2d-iphone/external/kazmath/include\"/**",
					"\"Source/libs/cocos2d-iphone/cocos2d\"/**",
					"Source/libs/cocos2d-iphone/external/Chipmunk/objectivec/include",
					"Source/libs/cocos2d-iphone/external/Chipmunk/include",
					"\"Source/libs/cocos2d-iphone/cocos2d-ui\"/**",
					"\"Source/libs/cocos2d-iphone/external/ObjectAL\"/**",
				);
				INFOPLIST_FILE = Source/Resources/Info.plist;
				IPHONEOS_DEPLOYMENT_TARGET = 6.0;
				ONLY_ACTIVE_ARCH = YES;
				OTHER_LDFLAGS = (
					"-lz",
					"-lsqlite3",
					"-ObjC",
				);
				PRODUCT_NAME = ScribbleStroids;
				PROVISIONING_PROFILE = "";
				TARGETED_DEVICE_FAMILY = "1,2";
				WRAPPER_EXTENSION = app;
			};
			name = Debug;
		};
		B77F1CE017B978D8009739AE /* Release */ = {
			isa = XCBuildConfiguration;
			buildSettings = {
				ALWAYS_SEARCH_USER_PATHS = NO;
				ASSETCATALOG_COMPILER_APPICON_NAME = AppIcon;
				ASSETCATALOG_COMPILER_LAUNCHIMAGE_NAME = "LaunchImage-3";
				CLANG_ENABLE_OBJC_ARC = YES;
				CODE_SIGN_ENTITLEMENTS = ScribbleStroids.entitlements;
				CODE_SIGN_IDENTITY = "iPhone Developer";
				"CODE_SIGN_IDENTITY[sdk=iphoneos*]" = "iPhone Developer";
				COPY_PHASE_STRIP = YES;
				GCC_PRECOMPILE_PREFIX_HEADER = YES;
				GCC_PREFIX_HEADER = Source/Prefix.pch;
				HEADER_SEARCH_PATHS = (
					"\"Source/libs/cocos2d-iphone/external/kazmath/include\"/**",
					"\"Source/libs/cocos2d-iphone/cocos2d\"/**",
					"Source/libs/cocos2d-iphone/external/Chipmunk/objectivec/include",
					"Source/libs/cocos2d-iphone/external/Chipmunk/include",
					"\"Source/libs/cocos2d-iphone/cocos2d-ui\"/**",
					"\"Source/libs/cocos2d-iphone/external/ObjectAL\"/**",
				);
				INFOPLIST_FILE = Source/Resources/Info.plist;
				IPHONEOS_DEPLOYMENT_TARGET = 6.0;
				OTHER_LDFLAGS = (
					"-lz",
					"-lsqlite3",
					"-ObjC",
				);
				PRODUCT_NAME = ScribbleStroids;
				PROVISIONING_PROFILE = "";
				TARGETED_DEVICE_FAMILY = "1,2";
				VALIDATE_PRODUCT = YES;
				WRAPPER_EXTENSION = app;
			};
			name = Release;
		};
/* End XCBuildConfiguration section */

/* Begin XCConfigurationList section */
		B77F1B2917B978D7009739AE /* Build configuration list for PBXProject "ScribbleStroids" */ = {
			isa = XCConfigurationList;
			buildConfigurations = (
				B77F1CDC17B978D8009739AE /* Debug */,
				B77F1CDD17B978D8009739AE /* Release */,
			);
			defaultConfigurationIsVisible = 0;
			defaultConfigurationName = Release;
		};
		B77F1CDE17B978D8009739AE /* Build configuration list for PBXNativeTarget "ScribbleStroids" */ = {
			isa = XCConfigurationList;
			buildConfigurations = (
				B77F1CDF17B978D8009739AE /* Debug */,
				B77F1CE017B978D8009739AE /* Release */,
			);
			defaultConfigurationIsVisible = 0;
			defaultConfigurationName = Release;
		};
/* End XCConfigurationList section */
	};
	rootObject = B77F1B2617B978D7009739AE /* Project object */;
}
